lockfileVersion: '6.0'

settings:
  autoInstallPeers: true
  excludeLinksFromLockfile: false

dependencies:
  '@icon-park/react':
    specifier: ^1.4.2
    version: 1.4.2(react-dom@18.3.1)(react@18.3.1)
  '@xterm/xterm':
    specifier: ^5.5.0
    version: 5.5.0
  monaco-editor:
    specifier: ^0.49.0
    version: 0.49.0

packages:

  /@icon-park/react@1.4.2(react-dom@18.3.1)(react@18.3.1):
    resolution: {integrity: sha512-+MtQLjNiRuia3fC/NfpSCTIy5KH5b+NkMB9zYd7p3R4aAIK61AjK0OSraaICJdkKooU9jpzk8m0fY4g9A3JqhQ==}
    engines: {node: '>= 8.0.0', npm: '>= 5.0.0'}
    peerDependencies:
      react: '>=16.9'
      react-dom: '>=16.9'
    dependencies:
      react: 18.3.1
      react-dom: 18.3.1(react@18.3.1)
    dev: false

  /@xterm/xterm@5.5.0:
    resolution: {integrity: sha512-hqJHYaQb5OptNunnyAnkHyM8aCjZ1MEIDTQu1iIbbTD/xops91NB5yq1ZK/dC2JDbVWtF23zUtl9JE2NqwT87A==}
    dev: false

  /js-tokens@4.0.0:
    resolution: {integrity: sha512-RdJUflcE3cUzKiMqQgsCu06FPu9UdIJO0beYbPhHN4k6apgJtifcoCtT9bcxOpYBtpD2kCM6Sbzg4CausW/PKQ==}
    dev: false

  /loose-envify@1.4.0:
    resolution: {integrity: sha512-lyuxPGr/Wfhrlem2CL/UcnUc1zcqKAImBDzukY7Y5F/yQiNdko6+fRLevlw1HgMySw7f611UIY408EtxRSoK3Q==}
    hasBin: true
    dependencies:
      js-tokens: 4.0.0
    dev: false

  /monaco-editor@0.49.0:
    resolution: {integrity: sha512-2I8/T3X/hLxB2oPHgqcNYUVdA/ZEFShT7IAujifIPMfKkNbLOqY8XCoyHCXrsdjb36dW9MwoTwBCFpXKMwNwaQ==}
    dev: false

  /react-dom@18.3.1(react@18.3.1):
    resolution: {integrity: sha512-5m4nQKp+rZRb09LNH59GM4BxTh9251/ylbKIbpe7TpGxfJ+9kv6BLkLBXIjjspbgbnIBNqlI23tRnTWT0snUIw==}
    peerDependencies:
      react: ^18.3.1
    dependencies:
      loose-envify: 1.4.0
      react: 18.3.1
      scheduler: 0.23.2
    dev: false

  /react@18.3.1:
    resolution: {integrity: sha512-wS+hAgJShR0KhEvPJArfuPVN1+Hz1t0Y6n5jLrGQbkb4urgPE/0Rve+1kMB1v/oWgHgm4WIcV+i7F2pTVj+2iQ==}
    engines: {node: '>=0.10.0'}
    dependencies:
      loose-envify: 1.4.0
    dev: false

  /scheduler@0.23.2:
    resolution: {integrity: sha512-UOShsPwz7NrMUqhR6t0hWjFduvOzbtv7toDH1/hIrfRNIDBnnBWd0CwJTGvTpngVlmwGCdP9/Zl/tVrDqcuYzQ==}
    dependencies:
      loose-envify: 1.4.0
    dev: false
